// !$*UTF8*$!
{
	archiveVersion = 1;
	classes = {
	};
	objectVersion = 50;
	objects = {

/* Begin PBXBuildFile section */
		C2313577250826AC00FCCBF7 /* chincoteague.jpg in Resources */ = {isa = PBXBuildFile; fileRef = C2313572250826AC00FCCBF7 /* chincoteague.jpg */; };
		C2313578250826AC00FCCBF7 /* lakemcdonald.jpg in Resources */ = {isa = PBXBuildFile; fileRef = C2313573250826AC00FCCBF7 /* lakemcdonald.jpg */; };
		C2313579250826AC00FCCBF7 /* icybay.jpg in Resources */ = {isa = PBXBuildFile; fileRef = C2313574250826AC00FCCBF7 /* icybay.jpg */; };
		C231357A250826AC00FCCBF7 /* chilkoottrail.jpg in Resources */ = {isa = PBXBuildFile; fileRef = C2313575250826AC00FCCBF7 /* chilkoottrail.jpg */; };
		C231357B250826AC00FCCBF7 /* hiddenlake.jpg in Resources */ = {isa = PBXBuildFile; fileRef = C2313576250826AC00FCCBF7 /* hiddenlake.jpg */; };
		C2313583250826BF00FCCBF7 /* twinlake.jpg in Resources */ = {isa = PBXBuildFile; fileRef = C231357C250826BE00FCCBF7 /* twinlake.jpg */; };
		C2313584250826BF00FCCBF7 /* yukon_charleyrivers.jpg in Resources */ = {isa = PBXBuildFile; fileRef = C231357D250826BE00FCCBF7 /* yukon_charleyrivers.jpg */; };
		C2313585250826BF00FCCBF7 /* silversalmoncreek.jpg in Resources */ = {isa = PBXBuildFile; fileRef = C231357E250826BE00FCCBF7 /* silversalmoncreek.jpg */; };
		C2313586250826BF00FCCBF7 /* umbagog.jpg in Resources */ = {isa = PBXBuildFile; fileRef = C231357F250826BE00FCCBF7 /* umbagog.jpg */; };
		C2313587250826BF00FCCBF7 /* stmarylake.jpg in Resources */ = {isa = PBXBuildFile; fileRef = C2313580250826BE00FCCBF7 /* stmarylake.jpg */; };
		C2313588250826BF00FCCBF7 /* turtlerock.jpg in Resources */ = {isa = PBXBuildFile; fileRef = C2313581250826BE00FCCBF7 /* turtlerock.jpg */; };
		C2313589250826BF00FCCBF7 /* rainbowlake.jpg in Resources */ = {isa = PBXBuildFile; fileRef = C2313582250826BE00FCCBF7 /* rainbowlake.jpg */; };
		C231358B250835FF00FCCBF7 /* charleyrivers.jpg in Resources */ = {isa = PBXBuildFile; fileRef = C231358A250835FF00FCCBF7 /* charleyrivers.jpg */; };
		C243B287250821810086E537 /* LandmarkList.swift in Sources */ = {isa = PBXBuildFile; fileRef = C243B286250821810086E537 /* LandmarkList.swift */; };
		C243B289250825210086E537 /* LandmarkRow.swift in Sources */ = {isa = PBXBuildFile; fileRef = C243B288250825210086E537 /* LandmarkRow.swift */; };
		C2CF835C250819C60041EC1F /* Landmark.swift in Sources */ = {isa = PBXBuildFile; fileRef = C2CF835B250819C60041EC1F /* Landmark.swift */; };
		C2CF835F25081ADA0041EC1F /* landmarkData.json in Resources */ = {isa = PBXBuildFile; fileRef = C2CF835E25081ADA0041EC1F /* landmarkData.json */; };
		C2CF836325081DF80041EC1F /* Data.swift in Sources */ = {isa = PBXBuildFile; fileRef = C2CF836225081DF80041EC1F /* Data.swift */; };
		C2E7717B2507725200BBA89B /* AppDelegate.swift in Sources */ = {isa = PBXBuildFile; fileRef = C2E7717A2507725200BBA89B /* AppDelegate.swift */; };
		C2E7717D2507725200BBA89B /* SceneDelegate.swift in Sources */ = {isa = PBXBuildFile; fileRef = C2E7717C2507725200BBA89B /* SceneDelegate.swift */; };
		C2E7717F2507725200BBA89B /* LandmarkDetail.swift in Sources */ = {isa = PBXBuildFile; fileRef = C2E7717E2507725200BBA89B /* LandmarkDetail.swift */; };
		C2E771812507725300BBA89B /* Assets.xcassets in Resources */ = {isa = PBXBuildFile; fileRef = C2E771802507725300BBA89B /* Assets.xcassets */; };
		C2E771842507725300BBA89B /* Preview Assets.xcassets in Resources */ = {isa = PBXBuildFile; fileRef = C2E771832507725300BBA89B /* Preview Assets.xcassets */; };
		C2E771872507725300BBA89B /* LaunchScreen.storyboard in Resources */ = {isa = PBXBuildFile; fileRef = C2E771852507725300BBA89B /* LaunchScreen.storyboard */; };
		C2E7718F2508115D00BBA89B /* CircleImage.swift in Sources */ = {isa = PBXBuildFile; fileRef = C2E7718E2508115D00BBA89B /* CircleImage.swift */; };
		C2E771912508124300BBA89B /* MapView.swift in Sources */ = {isa = PBXBuildFile; fileRef = C2E771902508124300BBA89B /* MapView.swift */; };
/* End PBXBuildFile section */

/* Begin PBXFileReference section */
		C2313572250826AC00FCCBF7 /* chincoteague.jpg */ = {isa = PBXFileReference; lastKnownFileType = image.jpeg; path = chincoteague.jpg; sourceTree = "<group>"; };
		C2313573250826AC00FCCBF7 /* lakemcdonald.jpg */ = {isa = PBXFileReference; lastKnownFileType = image.jpeg; path = lakemcdonald.jpg; sourceTree = "<group>"; };
		C2313574250826AC00FCCBF7 /* icybay.jpg */ = {isa = PBXFileReference; lastKnownFileType = image.jpeg; path = icybay.jpg; sourceTree = "<group>"; };
		C2313575250826AC00FCCBF7 /* chilkoottrail.jpg */ = {isa = PBXFileReference; lastKnownFileType = image.jpeg; path = chilkoottrail.jpg; sourceTree = "<group>"; };
		C2313576250826AC00FCCBF7 /* hiddenlake.jpg */ = {isa = PBXFileReference; lastKnownFileType = image.jpeg; path = hiddenlake.jpg; sourceTree = "<group>"; };
		C231357C250826BE00FCCBF7 /* twinlake.jpg */ = {isa = PBXFileReference; lastKnownFileType = image.jpeg; path = twinlake.jpg; sourceTree = "<group>"; };
		C231357D250826BE00FCCBF7 /* yukon_charleyrivers.jpg */ = {isa = PBXFileReference; lastKnownFileType = image.jpeg; path = yukon_charleyrivers.jpg; sourceTree = "<group>"; };
		C231357E250826BE00FCCBF7 /* silversalmoncreek.jpg */ = {isa = PBXFileReference; lastKnownFileType = image.jpeg; path = silversalmoncreek.jpg; sourceTree = "<group>"; };
		C231357F250826BE00FCCBF7 /* umbagog.jpg */ = {isa = PBXFileReference; lastKnownFileType = image.jpeg; path = umbagog.jpg; sourceTree = "<group>"; };
		C2313580250826BE00FCCBF7 /* stmarylake.jpg */ = {isa = PBXFileReference; lastKnownFileType = image.jpeg; path = stmarylake.jpg; sourceTree = "<group>"; };
		C2313581250826BE00FCCBF7 /* turtlerock.jpg */ = {isa = PBXFileReference; lastKnownFileType = image.jpeg; path = turtlerock.jpg; sourceTree = "<group>"; };
		C2313582250826BE00FCCBF7 /* rainbowlake.jpg */ = {isa = PBXFileReference; lastKnownFileType = image.jpeg; path = rainbowlake.jpg; sourceTree = "<group>"; };
		C231358A250835FF00FCCBF7 /* charleyrivers.jpg */ = {isa = PBXFileReference; lastKnownFileType = image.jpeg; path = charleyrivers.jpg; sourceTree = "<group>"; };
		C243B286250821810086E537 /* LandmarkList.swift */ = {isa = PBXFileReference; lastKnownFileType = sourcecode.swift; path = LandmarkList.swift; sourceTree = "<group>"; };
		C243B288250825210086E537 /* LandmarkRow.swift */ = {isa = PBXFileReference; lastKnownFileType = sourcecode.swift; path = LandmarkRow.swift; sourceTree = "<group>"; };
		C2CF835B250819C60041EC1F /* Landmark.swift */ = {isa = PBXFileReference; lastKnownFileType = sourcecode.swift; path = Landmark.swift; sourceTree = "<group>"; };
		C2CF835E25081ADA0041EC1F /* landmarkData.json */ = {isa = PBXFileReference; lastKnownFileType = text.json; path = landmarkData.json; sourceTree = "<group>"; };
		C2CF836225081DF80041EC1F /* Data.swift */ = {isa = PBXFileReference; lastKnownFileType = sourcecode.swift; path = Data.swift; sourceTree = "<group>"; };
		C2E771772507725200BBA89B /* Landmarks.app */ = {isa = PBXFileReference; explicitFileType = wrapper.application; includeInIndex = 0; path = Landmarks.app; sourceTree = BUILT_PRODUCTS_DIR; };
		C2E7717A2507725200BBA89B /* AppDelegate.swift */ = {isa = PBXFileReference; lastKnownFileType = sourcecode.swift; path = AppDelegate.swift; sourceTree = "<group>"; };
		C2E7717C2507725200BBA89B /* SceneDelegate.swift */ = {isa = PBXFileReference; lastKnownFileType = sourcecode.swift; path = SceneDelegate.swift; sourceTree = "<group>"; };
		C2E7717E2507725200BBA89B /* LandmarkDetail.swift */ = {isa = PBXFileReference; lastKnownFileType = sourcecode.swift; path = LandmarkDetail.swift; sourceTree = "<group>"; };
		C2E771802507725300BBA89B /* Assets.xcassets */ = {isa = PBXFileReference; lastKnownFileType = folder.assetcatalog; path = Assets.xcassets; sourceTree = "<group>"; };
		C2E771832507725300BBA89B /* Preview Assets.xcassets */ = {isa = PBXFileReference; lastKnownFileType = folder.assetcatalog; path = "Preview Assets.xcassets"; sourceTree = "<group>"; };
		C2E771862507725300BBA89B /* Base */ = {isa = PBXFileReference; lastKnownFileType = file.storyboard; name = Base; path = Base.lproj/LaunchScreen.storyboard; sourceTree = "<group>"; };
		C2E771882507725300BBA89B /* Info.plist */ = {isa = PBXFileReference; lastKnownFileType = text.plist.xml; path = Info.plist; sourceTree = "<group>"; };
		C2E7718E2508115D00BBA89B /* CircleImage.swift */ = {isa = PBXFileReference; lastKnownFileType = sourcecode.swift; path = CircleImage.swift; sourceTree = "<group>"; };
		C2E771902508124300BBA89B /* MapView.swift */ = {isa = PBXFileReference; lastKnownFileType = sourcecode.swift; path = MapView.swift; sourceTree = "<group>"; };
/* End PBXFileReference section */

/* Begin PBXFrameworksBuildPhase section */
		C2E771742507725200BBA89B /* Frameworks */ = {
			isa = PBXFrameworksBuildPhase;
			buildActionMask = 2147483647;
			files = (
			);
			runOnlyForDeploymentPostprocessing = 0;
		};
/* End PBXFrameworksBuildPhase section */

/* Begin PBXGroup section */
		C226DF8E2508192200CAFFEA /* Models */ = {
			isa = PBXGroup;
			children = (
				C2CF835B250819C60041EC1F /* Landmark.swift */,
				C2CF836225081DF80041EC1F /* Data.swift */,
			);
			path = Models;
			sourceTree = "<group>";
		};
		C2CF835D25081A810041EC1F /* Resoureces */ = {
			isa = PBXGroup;
			children = (
				C2313575250826AC00FCCBF7 /* chilkoottrail.jpg */,
				C2313572250826AC00FCCBF7 /* chincoteague.jpg */,
				C231358A250835FF00FCCBF7 /* charleyrivers.jpg */,
				C2313582250826BE00FCCBF7 /* rainbowlake.jpg */,
				C231357E250826BE00FCCBF7 /* silversalmoncreek.jpg */,
				C2313580250826BE00FCCBF7 /* stmarylake.jpg */,
				C2313581250826BE00FCCBF7 /* turtlerock.jpg */,
				C231357C250826BE00FCCBF7 /* twinlake.jpg */,
				C231357F250826BE00FCCBF7 /* umbagog.jpg */,
				C231357D250826BE00FCCBF7 /* yukon_charleyrivers.jpg */,
				C2313576250826AC00FCCBF7 /* hiddenlake.jpg */,
				C2313574250826AC00FCCBF7 /* icybay.jpg */,
				C2313573250826AC00FCCBF7 /* lakemcdonald.jpg */,
				C2CF835E25081ADA0041EC1F /* landmarkData.json */,
			);
			path = Resoureces;
			sourceTree = "<group>";
		};
		C2E7716E2507725200BBA89B = {
			isa = PBXGroup;
			children = (
				C2E771792507725200BBA89B /* Landmarks */,
				C2E771782507725200BBA89B /* Products */,
			);
			sourceTree = "<group>";
		};
		C2E771782507725200BBA89B /* Products */ = {
			isa = PBXGroup;
			children = (
				C2E771772507725200BBA89B /* Landmarks.app */,
			);
			name = Products;
			sourceTree = "<group>";
		};
		C2E771792507725200BBA89B /* Landmarks */ = {
			isa = PBXGroup;
			children = (
				C2CF835D25081A810041EC1F /* Resoureces */,
				C226DF8E2508192200CAFFEA /* Models */,
				C2E7717A2507725200BBA89B /* AppDelegate.swift */,
				C2E7717C2507725200BBA89B /* SceneDelegate.swift */,
				C2E7717E2507725200BBA89B /* LandmarkDetail.swift */,
				C2E771802507725300BBA89B /* Assets.xcassets */,
				C2E7718E2508115D00BBA89B /* CircleImage.swift */,
				C2E771902508124300BBA89B /* MapView.swift */,
				C2E771852507725300BBA89B /* LaunchScreen.storyboard */,
				C2E771882507725300BBA89B /* Info.plist */,
				C2E771822507725300BBA89B /* Preview Content */,
				C243B286250821810086E537 /* LandmarkList.swift */,
				C243B288250825210086E537 /* LandmarkRow.swift */,
			);
			path = Landmarks;
			sourceTree = "<group>";
		};
		C2E771822507725300BBA89B /* Preview Content */ = {
			isa = PBXGroup;
			children = (
				C2E771832507725300BBA89B /* Preview Assets.xcassets */,
			);
			path = "Preview Content";
			sourceTree = "<group>";
		};
/* End PBXGroup section */

/* Begin PBXNativeTarget section */
		C2E771762507725200BBA89B /* Landmarks */ = {
			isa = PBXNativeTarget;
			buildConfigurationList = C2E7718B2507725300BBA89B /* Build configuration list for PBXNativeTarget "Landmarks" */;
			buildPhases = (
				C2E771732507725200BBA89B /* Sources */,
				C2E771742507725200BBA89B /* Frameworks */,
				C2E771752507725200BBA89B /* Resources */,
			);
			buildRules = (
			);
			dependencies = (
			);
			name = Landmarks;
			productName = Landmarks;
			productReference = C2E771772507725200BBA89B /* Landmarks.app */;
			productType = "com.apple.product-type.application";
		};
/* End PBXNativeTarget section */

/* Begin PBXProject section */
		C2E7716F2507725200BBA89B /* Project object */ = {
			isa = PBXProject;
			attributes = {
				LastSwiftUpdateCheck = 1160;
				LastUpgradeCheck = 1160;
				ORGANIZATIONNAME = "渡邉真悟";
				TargetAttributes = {
					C2E771762507725200BBA89B = {
						CreatedOnToolsVersion = 11.6;
					};
				};
			};
			buildConfigurationList = C2E771722507725200BBA89B /* Build configuration list for PBXProject "Landmarks" */;
			compatibilityVersion = "Xcode 9.3";
			developmentRegion = en;
			hasScannedForEncodings = 0;
			knownRegions = (
				en,
				Base,
			);
			mainGroup = C2E7716E2507725200BBA89B;
			productRefGroup = C2E771782507725200BBA89B /* Products */;
			projectDirPath = "";
			projectRoot = "";
			targets = (
				C2E771762507725200BBA89B /* Landmarks */,
			);
		};
/* End PBXProject section */

/* Begin PBXResourcesBuildPhase section */
		C2E771752507725200BBA89B /* Resources */ = {
			isa = PBXResourcesBuildPhase;
			buildActionMask = 2147483647;
			files = (
				C2313578250826AC00FCCBF7 /* lakemcdonald.jpg in Resources */,
				C231357A250826AC00FCCBF7 /* chilkoottrail.jpg in Resources */,
				C2313586250826BF00FCCBF7 /* umbagog.jpg in Resources */,
				C2E771872507725300BBA89B /* LaunchScreen.storyboard in Resources */,
				C2CF835F25081ADA0041EC1F /* landmarkData.json in Resources */,
				C2E771842507725300BBA89B /* Preview Assets.xcassets in Resources */,
				C2313587250826BF00FCCBF7 /* stmarylake.jpg in Resources */,
				C231358B250835FF00FCCBF7 /* charleyrivers.jpg in Resources */,
				C2E771812507725300BBA89B /* Assets.xcassets in Resources */,
				C2313583250826BF00FCCBF7 /* twinlake.jpg in Resources */,
				C2313584250826BF00FCCBF7 /* yukon_charleyrivers.jpg in Resources */,
				C2313579250826AC00FCCBF7 /* icybay.jpg in Resources */,
				C2313585250826BF00FCCBF7 /* silversalmoncreek.jpg in Resources */,
				C231357B250826AC00FCCBF7 /* hiddenlake.jpg in Resources */,
				C2313589250826BF00FCCBF7 /* rainbowlake.jpg in Resources */,
				C2313577250826AC00FCCBF7 /* chincoteague.jpg in Resources */,
				C2313588250826BF00FCCBF7 /* turtlerock.jpg in Resources */,
			);
			runOnlyForDeploymentPostprocessing = 0;
		};
/* End PBXResourcesBuildPhase section */

/* Begin PBXSourcesBuildPhase section */
		C2E771732507725200BBA89B /* Sources */ = {
			isa = PBXSourcesBuildPhase;
			buildActionMask = 2147483647;
			files = (
				C2CF836325081DF80041EC1F /* Data.swift in Sources */,
				C2E7717B2507725200BBA89B /* AppDelegate.swift in Sources */,
				C2E7718F2508115D00BBA89B /* CircleImage.swift in Sources */,
				C243B287250821810086E537 /* LandmarkList.swift in Sources */,
				C2E771912508124300BBA89B /* MapView.swift in Sources */,
				C2E7717D2507725200BBA89B /* SceneDelegate.swift in Sources */,
				C2E7717F2507725200BBA89B /* LandmarkDetail.swift in Sources */,
				C2CF835C250819C60041EC1F /* Landmark.swift in Sources */,
				C243B289250825210086E537 /* LandmarkRow.swift in Sources */,
			);
			runOnlyForDeploymentPostprocessing = 0;
		};
/* End PBXSourcesBuildPhase section */

/* Begin PBXVariantGroup section */
		C2E771852507725300BBA89B /* LaunchScreen.storyboard */ = {
			isa = PBXVariantGroup;
			children = (
				C2E771862507725300BBA89B /* Base */,
			);
			name = LaunchScreen.storyboard;
			sourceTree = "<group>";
		};
/* End PBXVariantGroup section */

/* Begin XCBuildConfiguration section */
		C2E771892507725300BBA89B /* Debug */ = {
			isa = XCBuildConfiguration;
			buildSettings = {
				ALWAYS_SEARCH_USER_PATHS = NO;
				CLANG_ANALYZER_NONNULL = YES;
				CLANG_ANALYZER_NUMBER_OBJECT_CONVERSION = YES_AGGRESSIVE;
				CLANG_CXX_LANGUAGE_STANDARD = "gnu++14";
				CLANG_CXX_LIBRARY = "libc++";
				CLANG_ENABLE_MODULES = YES;
				CLANG_ENABLE_OBJC_ARC = YES;
				CLANG_ENABLE_OBJC_WEAK = YES;
				CLANG_WARN_BLOCK_CAPTURE_AUTORELEASING = YES;
				CLANG_WARN_BOOL_CONVERSION = YES;
				CLANG_WARN_COMMA = YES;
				CLANG_WARN_CONSTANT_CONVERSION = YES;
				CLANG_WARN_DEPRECATED_OBJC_IMPLEMENTATIONS = YES;
				CLANG_WARN_DIRECT_OBJC_ISA_USAGE = YES_ERROR;
				CLANG_WARN_DOCUMENTATION_COMMENTS = YES;
				CLANG_WARN_EMPTY_BODY = YES;
				CLANG_WARN_ENUM_CONVERSION = YES;
				CLANG_WARN_INFINITE_RECURSION = YES;
				CLANG_WARN_INT_CONVERSION = YES;
				CLANG_WARN_NON_LITERAL_NULL_CONVERSION = YES;
				CLANG_WARN_OBJC_IMPLICIT_RETAIN_SELF = YES;
				CLANG_WARN_OBJC_LITERAL_CONVERSION = YES;
				CLANG_WARN_OBJC_ROOT_CLASS = YES_ERROR;
				CLANG_WARN_RANGE_LOOP_ANALYSIS = YES;
				CLANG_WARN_STRICT_PROTOTYPES = YES;
				CLANG_WARN_SUSPICIOUS_MOVE = YES;
				CLANG_WARN_UNGUARDED_AVAILABILITY = YES_AGGRESSIVE;
				CLANG_WARN_UNREACHABLE_CODE = YES;
				CLANG_WARN__DUPLICATE_METHOD_MATCH = YES;
				COPY_PHASE_STRIP = NO;
				DEBUG_INFORMATION_FORMAT = dwarf;
				ENABLE_STRICT_OBJC_MSGSEND = YES;
				ENABLE_TESTABILITY = YES;
				GCC_C_LANGUAGE_STANDARD = gnu11;
				GCC_DYNAMIC_NO_PIC = NO;
				GCC_NO_COMMON_BLOCKS = YES;
				GCC_OPTIMIZATION_LEVEL = 0;
				GCC_PREPROCESSOR_DEFINITIONS = (
					"DEBUG=1",
					"$(inherited)",
				);
				GCC_WARN_64_TO_32_BIT_CONVERSION = YES;
				GCC_WARN_ABOUT_RETURN_TYPE = YES_ERROR;
				GCC_WARN_UNDECLARED_SELECTOR = YES;
				GCC_WARN_UNINITIALIZED_AUTOS = YES_AGGRESSIVE;
				GCC_WARN_UNUSED_FUNCTION = YES;
				GCC_WARN_UNUSED_VARIABLE = YES;
				IPHONEOS_DEPLOYMENT_TARGET = 13.6;
				MTL_ENABLE_DEBUG_INFO = INCLUDE_SOURCE;
				MTL_FAST_MATH = YES;
				ONLY_ACTIVE_ARCH = YES;
				SDKROOT = iphoneos;
				SWIFT_ACTIVE_COMPILATION_CONDITIONS = DEBUG;
				SWIFT_OPTIMIZATION_LEVEL = "-Onone";
			};
			name = Debug;
		};
		C2E7718A2507725300BBA89B /* Release */ = {
			isa = XCBuildConfiguration;
			buildSettings = {
				ALWAYS_SEARCH_USER_PATHS = NO;
				CLANG_ANALYZER_NONNULL = YES;
				CLANG_ANALYZER_NUMBER_OBJECT_CONVERSION = YES_AGGRESSIVE;
				CLANG_CXX_LANGUAGE_STANDARD = "gnu++14";
				CLANG_CXX_LIBRARY = "libc++";
				CLANG_ENABLE_MODULES = YES;
				CLANG_ENABLE_OBJC_ARC = YES;
				CLANG_ENABLE_OBJC_WEAK = YES;
				CLANG_WARN_BLOCK_CAPTURE_AUTORELEASING = YES;
				CLANG_WARN_BOOL_CONVERSION = YES;
				CLANG_WARN_COMMA = YES;
				CLANG_WARN_CONSTANT_CONVERSION = YES;
				CLANG_WARN_DEPRECATED_OBJC_IMPLEMENTATIONS = YES;
				CLANG_WARN_DIRECT_OBJC_ISA_USAGE = YES_ERROR;
				CLANG_WARN_DOCUMENTATION_COMMENTS = YES;
				CLANG_WARN_EMPTY_BODY = YES;
				CLANG_WARN_ENUM_CONVERSION = YES;
				CLANG_WARN_INFINITE_RECURSION = YES;
				CLANG_WARN_INT_CONVERSION = YES;
				CLANG_WARN_NON_LITERAL_NULL_CONVERSION = YES;
				CLANG_WARN_OBJC_IMPLICIT_RETAIN_SELF = YES;
				CLANG_WARN_OBJC_LITERAL_CONVERSION = YES;
				CLANG_WARN_OBJC_ROOT_CLASS = YES_ERROR;
				CLANG_WARN_RANGE_LOOP_ANALYSIS = YES;
				CLANG_WARN_STRICT_PROTOTYPES = YES;
				CLANG_WARN_SUSPICIOUS_MOVE = YES;
				CLANG_WARN_UNGUARDED_AVAILABILITY = YES_AGGRESSIVE;
				CLANG_WARN_UNREACHABLE_CODE = YES;
				CLANG_WARN__DUPLICATE_METHOD_MATCH = YES;
				COPY_PHASE_STRIP = NO;
				DEBUG_INFORMATION_FORMAT = "dwarf-with-dsym";
				ENABLE_NS_ASSERTIONS = NO;
				ENABLE_STRICT_OBJC_MSGSEND = YES;
				GCC_C_LANGUAGE_STANDARD = gnu11;
				GCC_NO_COMMON_BLOCKS = YES;
				GCC_WARN_64_TO_32_BIT_CONVERSION = YES;
				GCC_WARN_ABOUT_RETURN_TYPE = YES_ERROR;
				GCC_WARN_UNDECLARED_SELECTOR = YES;
				GCC_WARN_UNINITIALIZED_AUTOS = YES_AGGRESSIVE;
				GCC_WARN_UNUSED_FUNCTION = YES;
				GCC_WARN_UNUSED_VARIABLE = YES;
				IPHONEOS_DEPLOYMENT_TARGET = 13.6;
				MTL_ENABLE_DEBUG_INFO = NO;
				MTL_FAST_MATH = YES;
				SDKROOT = iphoneos;
				SWIFT_COMPILATION_MODE = wholemodule;
				SWIFT_OPTIMIZATION_LEVEL = "-O";
				VALIDATE_PRODUCT = YES;
			};
			name = Release;
		};
		C2E7718C2507725300BBA89B /* Debug */ = {
			isa = XCBuildConfiguration;
			buildSettings = {
				ASSETCATALOG_COMPILER_APPICON_NAME = AppIcon;
				CODE_SIGN_STYLE = Automatic;
				DEVELOPMENT_ASSET_PATHS = "\"Landmarks/Preview Content\"";
				ENABLE_PREVIEWS = YES;
				INFOPLIST_FILE = Landmarks/Info.plist;
				LD_RUNPATH_SEARCH_PATHS = (
					"$(inherited)",
					"@executable_path/Frameworks",
				);
				PRODUCT_BUNDLE_IDENTIFIER = watanabe.Landmarks;
				PRODUCT_NAME = "$(TARGET_NAME)";
				SWIFT_VERSION = 5.0;
				TARGETED_DEVICE_FAMILY = "1,2";
			};
			name = Debug;
		};
		C2E7718D2507725300BBA89B /* Release */ = {
			isa = XCBuildConfiguration;
			buildSettings = {
				ASSETCATALOG_COMPILER_APPICON_NAME = AppIcon;
				CODE_SIGN_STYLE = Automatic;
				DEVELOPMENT_ASSET_PATHS = "\"Landmarks/Preview Content\"";
				ENABLE_PREVIEWS = YES;
				INFOPLIST_FILE = Landmarks/Info.plist;
				LD_RUNPATH_SEARCH_PATHS = (
					"$(inherited)",
					"@executable_path/Frameworks",
				);
				PRODUCT_BUNDLE_IDENTIFIER = watanabe.Landmarks;
				PRODUCT_NAME = "$(TARGET_NAME)";
				SWIFT_VERSION = 5.0;
				TARGETED_DEVICE_FAMILY = "1,2";
			};
			name = Release;
		};
/* End XCBuildConfiguration section */

/* Begin XCConfigurationList section */
		C2E771722507725200BBA89B /* Build configuration list for PBXProject "Landmarks" */ = {
			isa = XCConfigurationList;
			buildConfigurations = (
				C2E771892507725300BBA89B /* Debug */,
				C2E7718A2507725300BBA89B /* Release */,
			);
			defaultConfigurationIsVisible = 0;
			defaultConfigurationName = Release;
		};
		C2E7718B2507725300BBA89B /* Build configuration list for PBXNativeTarget "Landmarks" */ = {
			isa = XCConfigurationList;
			buildConfigurations = (
				C2E7718C2507725300BBA89B /* Debug */,
				C2E7718D2507725300BBA89B /* Release */,
			);
			defaultConfigurationIsVisible = 0;
			defaultConfigurationName = Release;
		};
/* End XCConfigurationList section */
	};
	rootObject = C2E7716F2507725200BBA89B /* Project object */;
}
